// !$*UTF8*$!
{
	archiveVersion = 1;
	classes = {
	};
	objectVersion = 48;
	objects = {

/* Begin PBXBuildFile section */
		66D64A6A2125C15900C0EC60 /* RootWindowController.swift in Sources */ = {isa = PBXBuildFile; fileRef = 66D64A682125C15900C0EC60 /* RootWindowController.swift */; };
		66D64A6B2125C15900C0EC60 /* RootWindowController.xib in Resources */ = {isa = PBXBuildFile; fileRef = 66D64A692125C15900C0EC60 /* RootWindowController.xib */; };
		66D64A6E2125C36900C0EC60 /* ItemsController.swift in Sources */ = {isa = PBXBuildFile; fileRef = 66D64A6C2125C36900C0EC60 /* ItemsController.swift */; };
		66D64A6F2125C36900C0EC60 /* ItemsController.xib in Resources */ = {isa = PBXBuildFile; fileRef = 66D64A6D2125C36900C0EC60 /* ItemsController.xib */; };
		66D64A762125C3EF00C0EC60 /* OperationsController.swift in Sources */ = {isa = PBXBuildFile; fileRef = 66D64A742125C3EF00C0EC60 /* OperationsController.swift */; };
		66D64A772125C3EF00C0EC60 /* OperationsController.xib in Resources */ = {isa = PBXBuildFile; fileRef = 66D64A752125C3EF00C0EC60 /* OperationsController.xib */; };
		66E134E2210B42A20037F5C4 /* AppDelegate.swift in Sources */ = {isa = PBXBuildFile; fileRef = 66E134E1210B42A20037F5C4 /* AppDelegate.swift */; };
		66E134E4210B42A20037F5C4 /* ViewController.swift in Sources */ = {isa = PBXBuildFile; fileRef = 66E134E3210B42A20037F5C4 /* ViewController.swift */; };
		66E134E6210B42A20037F5C4 /* Assets.xcassets in Resources */ = {isa = PBXBuildFile; fileRef = 66E134E5210B42A20037F5C4 /* Assets.xcassets */; };
		66E134F5210B42A20037F5C4 /* FileMonsterTests.swift in Sources */ = {isa = PBXBuildFile; fileRef = 66E134F4210B42A20037F5C4 /* FileMonsterTests.swift */; };
		66E13500210B42A20037F5C4 /* FileMonsterUITests.swift in Sources */ = {isa = PBXBuildFile; fileRef = 66E134FF210B42A20037F5C4 /* FileMonsterUITests.swift */; };
		66E135162119FA780037F5C4 /* FileService.swift in Sources */ = {isa = PBXBuildFile; fileRef = 66E135152119FA780037F5C4 /* FileService.swift */; };
		66E135182122F3120037F5C4 /* ContentLoader.swift in Sources */ = {isa = PBXBuildFile; fileRef = 66E135172122F3120037F5C4 /* ContentLoader.swift */; };
/* End PBXBuildFile section */

/* Begin PBXContainerItemProxy section */
		66E134F1210B42A20037F5C4 /* PBXContainerItemProxy */ = {
			isa = PBXContainerItemProxy;
			containerPortal = 66E134D6210B42A20037F5C4 /* Project object */;
			proxyType = 1;
			remoteGlobalIDString = 66E134DD210B42A20037F5C4;
			remoteInfo = FileMonster;
		};
		66E134FC210B42A20037F5C4 /* PBXContainerItemProxy */ = {
			isa = PBXContainerItemProxy;
			containerPortal = 66E134D6210B42A20037F5C4 /* Project object */;
			proxyType = 1;
			remoteGlobalIDString = 66E134DD210B42A20037F5C4;
			remoteInfo = FileMonster;
		};
/* End PBXContainerItemProxy section */

/* Begin PBXFileReference section */
		66D64A682125C15900C0EC60 /* RootWindowController.swift */ = {isa = PBXFileReference; lastKnownFileType = sourcecode.swift; path = RootWindowController.swift; sourceTree = "<group>"; };
		66D64A692125C15900C0EC60 /* RootWindowController.xib */ = {isa = PBXFileReference; lastKnownFileType = file.xib; path = RootWindowController.xib; sourceTree = "<group>"; };
		66D64A6C2125C36900C0EC60 /* ItemsController.swift */ = {isa = PBXFileReference; lastKnownFileType = sourcecode.swift; path = ItemsController.swift; sourceTree = "<group>"; };
		66D64A6D2125C36900C0EC60 /* ItemsController.xib */ = {isa = PBXFileReference; lastKnownFileType = file.xib; path = ItemsController.xib; sourceTree = "<group>"; };
		66D64A742125C3EF00C0EC60 /* OperationsController.swift */ = {isa = PBXFileReference; lastKnownFileType = sourcecode.swift; path = OperationsController.swift; sourceTree = "<group>"; };
		66D64A752125C3EF00C0EC60 /* OperationsController.xib */ = {isa = PBXFileReference; lastKnownFileType = file.xib; path = OperationsController.xib; sourceTree = "<group>"; };
		66E134DE210B42A20037F5C4 /* FileMonster.app */ = {isa = PBXFileReference; explicitFileType = wrapper.application; includeInIndex = 0; path = FileMonster.app; sourceTree = BUILT_PRODUCTS_DIR; };
		66E134E1210B42A20037F5C4 /* AppDelegate.swift */ = {isa = PBXFileReference; lastKnownFileType = sourcecode.swift; path = AppDelegate.swift; sourceTree = "<group>"; };
		66E134E3210B42A20037F5C4 /* ViewController.swift */ = {isa = PBXFileReference; lastKnownFileType = sourcecode.swift; path = ViewController.swift; sourceTree = "<group>"; };
		66E134E5210B42A20037F5C4 /* Assets.xcassets */ = {isa = PBXFileReference; lastKnownFileType = folder.assetcatalog; path = Assets.xcassets; sourceTree = "<group>"; };
		66E134EA210B42A20037F5C4 /* Info.plist */ = {isa = PBXFileReference; lastKnownFileType = text.plist.xml; path = Info.plist; sourceTree = "<group>"; };
		66E134EB210B42A20037F5C4 /* FileMonster.entitlements */ = {isa = PBXFileReference; lastKnownFileType = text.plist.entitlements; path = FileMonster.entitlements; sourceTree = "<group>"; };
		66E134F0210B42A20037F5C4 /* FileMonsterTests.xctest */ = {isa = PBXFileReference; explicitFileType = wrapper.cfbundle; includeInIndex = 0; path = FileMonsterTests.xctest; sourceTree = BUILT_PRODUCTS_DIR; };
		66E134F4210B42A20037F5C4 /* FileMonsterTests.swift */ = {isa = PBXFileReference; lastKnownFileType = sourcecode.swift; path = FileMonsterTests.swift; sourceTree = "<group>"; };
		66E134F6210B42A20037F5C4 /* Info.plist */ = {isa = PBXFileReference; lastKnownFileType = text.plist.xml; path = Info.plist; sourceTree = "<group>"; };
		66E134FB210B42A20037F5C4 /* FileMonsterUITests.xctest */ = {isa = PBXFileReference; explicitFileType = wrapper.cfbundle; includeInIndex = 0; path = FileMonsterUITests.xctest; sourceTree = BUILT_PRODUCTS_DIR; };
		66E134FF210B42A20037F5C4 /* FileMonsterUITests.swift */ = {isa = PBXFileReference; lastKnownFileType = sourcecode.swift; path = FileMonsterUITests.swift; sourceTree = "<group>"; };
		66E13501210B42A20037F5C4 /* Info.plist */ = {isa = PBXFileReference; lastKnownFileType = text.plist.xml; path = Info.plist; sourceTree = "<group>"; };
		66E135152119FA780037F5C4 /* FileService.swift */ = {isa = PBXFileReference; lastKnownFileType = sourcecode.swift; path = FileService.swift; sourceTree = "<group>"; };
		66E135172122F3120037F5C4 /* ContentLoader.swift */ = {isa = PBXFileReference; lastKnownFileType = sourcecode.swift; path = ContentLoader.swift; sourceTree = "<group>"; };
/* End PBXFileReference section */

/* Begin PBXFrameworksBuildPhase section */
		66E134DB210B42A20037F5C4 /* Frameworks */ = {
			isa = PBXFrameworksBuildPhase;
			buildActionMask = 2147483647;
			files = (
			);
			runOnlyForDeploymentPostprocessing = 0;
		};
		66E134ED210B42A20037F5C4 /* Frameworks */ = {
			isa = PBXFrameworksBuildPhase;
			buildActionMask = 2147483647;
			files = (
			);
			runOnlyForDeploymentPostprocessing = 0;
		};
		66E134F8210B42A20037F5C4 /* Frameworks */ = {
			isa = PBXFrameworksBuildPhase;
			buildActionMask = 2147483647;
			files = (
			);
			runOnlyForDeploymentPostprocessing = 0;
		};
/* End PBXFrameworksBuildPhase section */

/* Begin PBXGroup section */
		66E134D5210B42A20037F5C4 = {
			isa = PBXGroup;
			children = (
				66E134E0210B42A20037F5C4 /* FileMonster */,
				66E134F3210B42A20037F5C4 /* FileMonsterTests */,
				66E134FE210B42A20037F5C4 /* FileMonsterUITests */,
				66E134DF210B42A20037F5C4 /* Products */,
			);
			sourceTree = "<group>";
		};
		66E134DF210B42A20037F5C4 /* Products */ = {
			isa = PBXGroup;
			children = (
				66E134DE210B42A20037F5C4 /* FileMonster.app */,
				66E134F0210B42A20037F5C4 /* FileMonsterTests.xctest */,
				66E134FB210B42A20037F5C4 /* FileMonsterUITests.xctest */,
			);
			name = Products;
			sourceTree = "<group>";
		};
		66E134E0210B42A20037F5C4 /* FileMonster */ = {
			isa = PBXGroup;
			children = (
				66E1350D210B45EC0037F5C4 /* App */,
				66E1350F210B45FE0037F5C4 /* Service */,
				66E1350E210B45F50037F5C4 /* Data */,
				66E135142119F9F80037F5C4 /* Model */,
				66E134E5210B42A20037F5C4 /* Assets.xcassets */,
				66D64A692125C15900C0EC60 /* RootWindowController.xib */,
				66E134EA210B42A20037F5C4 /* Info.plist */,
				66E134EB210B42A20037F5C4 /* FileMonster.entitlements */,
			);
			path = FileMonster;
			sourceTree = "<group>";
		};
		66E134F3210B42A20037F5C4 /* FileMonsterTests */ = {
			isa = PBXGroup;
			children = (
				66E134F4210B42A20037F5C4 /* FileMonsterTests.swift */,
				66E134F6210B42A20037F5C4 /* Info.plist */,
			);
			path = FileMonsterTests;
			sourceTree = "<group>";
		};
		66E134FE210B42A20037F5C4 /* FileMonsterUITests */ = {
			isa = PBXGroup;
			children = (
				66E134FF210B42A20037F5C4 /* FileMonsterUITests.swift */,
				66E13501210B42A20037F5C4 /* Info.plist */,
			);
			path = FileMonsterUITests;
			sourceTree = "<group>";
		};
		66E1350D210B45EC0037F5C4 /* App */ = {
			isa = PBXGroup;
			children = (
				66E134E1210B42A20037F5C4 /* AppDelegate.swift */,
				66D64A682125C15900C0EC60 /* RootWindowController.swift */,
				66E134E3210B42A20037F5C4 /* ViewController.swift */,
				66D64A6C2125C36900C0EC60 /* ItemsController.swift */,
				66D64A6D2125C36900C0EC60 /* ItemsController.xib */,
				66D64A742125C3EF00C0EC60 /* OperationsController.swift */,
				66D64A752125C3EF00C0EC60 /* OperationsController.xib */,
			);
			path = App;
			sourceTree = "<group>";
		};
		66E1350E210B45F50037F5C4 /* Data */ = {
			isa = PBXGroup;
			children = (
			);
			path = Data;
			sourceTree = "<group>";
		};
		66E1350F210B45FE0037F5C4 /* Service */ = {
			isa = PBXGroup;
			children = (
				66E135172122F3120037F5C4 /* ContentLoader.swift */,
				66E135152119FA780037F5C4 /* FileService.swift */,
			);
			path = Service;
			sourceTree = "<group>";
		};
		66E135142119F9F80037F5C4 /* Model */ = {
			isa = PBXGroup;
			children = (
			);
			path = Model;
			sourceTree = "<group>";
		};
/* End PBXGroup section */

/* Begin PBXNativeTarget section */
		66E134DD210B42A20037F5C4 /* FileMonster */ = {
			isa = PBXNativeTarget;
			buildConfigurationList = 66E13504210B42A20037F5C4 /* Build configuration list for PBXNativeTarget "FileMonster" */;
			buildPhases = (
				66E134DA210B42A20037F5C4 /* Sources */,
				66E134DB210B42A20037F5C4 /* Frameworks */,
				66E134DC210B42A20037F5C4 /* Resources */,
			);
			buildRules = (
			);
			dependencies = (
			);
			name = FileMonster;
			productName = FileMonster;
			productReference = 66E134DE210B42A20037F5C4 /* FileMonster.app */;
			productType = "com.apple.product-type.application";
		};
		66E134EF210B42A20037F5C4 /* FileMonsterTests */ = {
			isa = PBXNativeTarget;
			buildConfigurationList = 66E13507210B42A20037F5C4 /* Build configuration list for PBXNativeTarget "FileMonsterTests" */;
			buildPhases = (
				66E134EC210B42A20037F5C4 /* Sources */,
				66E134ED210B42A20037F5C4 /* Frameworks */,
				66E134EE210B42A20037F5C4 /* Resources */,
			);
			buildRules = (
			);
			dependencies = (
				66E134F2210B42A20037F5C4 /* PBXTargetDependency */,
			);
			name = FileMonsterTests;
			productName = FileMonsterTests;
			productReference = 66E134F0210B42A20037F5C4 /* FileMonsterTests.xctest */;
			productType = "com.apple.product-type.bundle.unit-test";
		};
		66E134FA210B42A20037F5C4 /* FileMonsterUITests */ = {
			isa = PBXNativeTarget;
			buildConfigurationList = 66E1350A210B42A20037F5C4 /* Build configuration list for PBXNativeTarget "FileMonsterUITests" */;
			buildPhases = (
				66E134F7210B42A20037F5C4 /* Sources */,
				66E134F8210B42A20037F5C4 /* Frameworks */,
				66E134F9210B42A20037F5C4 /* Resources */,
			);
			buildRules = (
			);
			dependencies = (
				66E134FD210B42A20037F5C4 /* PBXTargetDependency */,
			);
			name = FileMonsterUITests;
			productName = FileMonsterUITests;
			productReference = 66E134FB210B42A20037F5C4 /* FileMonsterUITests.xctest */;
			productType = "com.apple.product-type.bundle.ui-testing";
		};
/* End PBXNativeTarget section */

/* Begin PBXProject section */
		66E134D6210B42A20037F5C4 /* Project object */ = {
			isa = PBXProject;
			attributes = {
				LastSwiftUpdateCheck = 0920;
				LastUpgradeCheck = 0920;
				ORGANIZATIONNAME = "Slava Plis";
				TargetAttributes = {
					66E134DD210B42A20037F5C4 = {
						CreatedOnToolsVersion = 9.2;
						ProvisioningStyle = Automatic;
					};
					66E134EF210B42A20037F5C4 = {
						CreatedOnToolsVersion = 9.2;
						ProvisioningStyle = Automatic;
						TestTargetID = 66E134DD210B42A20037F5C4;
					};
					66E134FA210B42A20037F5C4 = {
						CreatedOnToolsVersion = 9.2;
						ProvisioningStyle = Automatic;
						TestTargetID = 66E134DD210B42A20037F5C4;
					};
				};
			};
			buildConfigurationList = 66E134D9210B42A20037F5C4 /* Build configuration list for PBXProject "FileMonster" */;
			compatibilityVersion = "Xcode 8.0";
			developmentRegion = en;
			hasScannedForEncodings = 0;
			knownRegions = (
				en,
				Base,
			);
			mainGroup = 66E134D5210B42A20037F5C4;
			productRefGroup = 66E134DF210B42A20037F5C4 /* Products */;
			projectDirPath = "";
			projectRoot = "";
			targets = (
				66E134DD210B42A20037F5C4 /* FileMonster */,
				66E134EF210B42A20037F5C4 /* FileMonsterTests */,
				66E134FA210B42A20037F5C4 /* FileMonsterUITests */,
			);
		};
/* End PBXProject section */

/* Begin PBXResourcesBuildPhase section */
		66E134DC210B42A20037F5C4 /* Resources */ = {
			isa = PBXResourcesBuildPhase;
			buildActionMask = 2147483647;
			files = (
				66D64A6B2125C15900C0EC60 /* RootWindowController.xib in Resources */,
				66D64A772125C3EF00C0EC60 /* OperationsController.xib in Resources */,
				66E134E6210B42A20037F5C4 /* Assets.xcassets in Resources */,
				66D64A6F2125C36900C0EC60 /* ItemsController.xib in Resources */,
			);
			runOnlyForDeploymentPostprocessing = 0;
		};
		66E134EE210B42A20037F5C4 /* Resources */ = {
			isa = PBXResourcesBuildPhase;
			buildActionMask = 2147483647;
			files = (
			);
			runOnlyForDeploymentPostprocessing = 0;
		};
		66E134F9210B42A20037F5C4 /* Resources */ = {
			isa = PBXResourcesBuildPhase;
			buildActionMask = 2147483647;
			files = (
			);
			runOnlyForDeploymentPostprocessing = 0;
		};
/* End PBXResourcesBuildPhase section */

/* Begin PBXSourcesBuildPhase section */
		66E134DA210B42A20037F5C4 /* Sources */ = {
			isa = PBXSourcesBuildPhase;
			buildActionMask = 2147483647;
			files = (
				66D64A762125C3EF00C0EC60 /* OperationsController.swift in Sources */,
				66E134E4210B42A20037F5C4 /* ViewController.swift in Sources */,
				66E134E2210B42A20037F5C4 /* AppDelegate.swift in Sources */,
				66D64A6E2125C36900C0EC60 /* ItemsController.swift in Sources */,
				66E135182122F3120037F5C4 /* ContentLoader.swift in Sources */,
				66D64A6A2125C15900C0EC60 /* RootWindowController.swift in Sources */,
				66E135162119FA780037F5C4 /* FileService.swift in Sources */,
			);
			runOnlyForDeploymentPostprocessing = 0;
		};
		66E134EC210B42A20037F5C4 /* Sources */ = {
			isa = PBXSourcesBuildPhase;
			buildActionMask = 2147483647;
			files = (
				66E134F5210B42A20037F5C4 /* FileMonsterTests.swift in Sources */,
			);
			runOnlyForDeploymentPostprocessing = 0;
		};
		66E134F7210B42A20037F5C4 /* Sources */ = {
			isa = PBXSourcesBuildPhase;
			buildActionMask = 2147483647;
			files = (
				66E13500210B42A20037F5C4 /* FileMonsterUITests.swift in Sources */,
			);
			runOnlyForDeploymentPostprocessing = 0;
		};
/* End PBXSourcesBuildPhase section */

/* Begin PBXTargetDependency section */
		66E134F2210B42A20037F5C4 /* PBXTargetDependency */ = {
			isa = PBXTargetDependency;
			target = 66E134DD210B42A20037F5C4 /* FileMonster */;
			targetProxy = 66E134F1210B42A20037F5C4 /* PBXContainerItemProxy */;
		};
		66E134FD210B42A20037F5C4 /* PBXTargetDependency */ = {
			isa = PBXTargetDependency;
			target = 66E134DD210B42A20037F5C4 /* FileMonster */;
			targetProxy = 66E134FC210B42A20037F5C4 /* PBXContainerItemProxy */;
		};
/* End PBXTargetDependency section */

/* Begin XCBuildConfiguration section */
		66E13502210B42A20037F5C4 /* Debug */ = {
			isa = XCBuildConfiguration;
			buildSettings = {
				ALWAYS_SEARCH_USER_PATHS = NO;
				CLANG_ANALYZER_NONNULL = YES;
				CLANG_ANALYZER_NUMBER_OBJECT_CONVERSION = YES_AGGRESSIVE;
				CLANG_CXX_LANGUAGE_STANDARD = "gnu++14";
				CLANG_CXX_LIBRARY = "libc++";
				CLANG_ENABLE_MODULES = YES;
				CLANG_ENABLE_OBJC_ARC = YES;
				CLANG_WARN_BLOCK_CAPTURE_AUTORELEASING = YES;
				CLANG_WARN_BOOL_CONVERSION = YES;
				CLANG_WARN_COMMA = YES;
				CLANG_WARN_CONSTANT_CONVERSION = YES;
				CLANG_WARN_DIRECT_OBJC_ISA_USAGE = YES_ERROR;
				CLANG_WARN_DOCUMENTATION_COMMENTS = YES;
				CLANG_WARN_EMPTY_BODY = YES;
				CLANG_WARN_ENUM_CONVERSION = YES;
				CLANG_WARN_INFINITE_RECURSION = YES;
				CLANG_WARN_INT_CONVERSION = YES;
				CLANG_WARN_NON_LITERAL_NULL_CONVERSION = YES;
				CLANG_WARN_OBJC_LITERAL_CONVERSION = YES;
				CLANG_WARN_OBJC_ROOT_CLASS = YES_ERROR;
				CLANG_WARN_RANGE_LOOP_ANALYSIS = YES;
				CLANG_WARN_STRICT_PROTOTYPES = YES;
				CLANG_WARN_SUSPICIOUS_MOVE = YES;
				CLANG_WARN_UNGUARDED_AVAILABILITY = YES_AGGRESSIVE;
				CLANG_WARN_UNREACHABLE_CODE = YES;
				CLANG_WARN__DUPLICATE_METHOD_MATCH = YES;
				CODE_SIGN_IDENTITY = "Mac Developer";
				COPY_PHASE_STRIP = NO;
				DEBUG_INFORMATION_FORMAT = dwarf;
				ENABLE_STRICT_OBJC_MSGSEND = YES;
				ENABLE_TESTABILITY = YES;
				GCC_C_LANGUAGE_STANDARD = gnu11;
				GCC_DYNAMIC_NO_PIC = NO;
				GCC_NO_COMMON_BLOCKS = YES;
				GCC_OPTIMIZATION_LEVEL = 0;
				GCC_PREPROCESSOR_DEFINITIONS = (
					"DEBUG=1",
					"$(inherited)",
				);
				GCC_WARN_64_TO_32_BIT_CONVERSION = YES;
				GCC_WARN_ABOUT_RETURN_TYPE = YES_ERROR;
				GCC_WARN_UNDECLARED_SELECTOR = YES;
				GCC_WARN_UNINITIALIZED_AUTOS = YES_AGGRESSIVE;
				GCC_WARN_UNUSED_FUNCTION = YES;
				GCC_WARN_UNUSED_VARIABLE = YES;
				MACOSX_DEPLOYMENT_TARGET = 10.13;
				MTL_ENABLE_DEBUG_INFO = YES;
				ONLY_ACTIVE_ARCH = YES;
				SDKROOT = macosx;
				SWIFT_ACTIVE_COMPILATION_CONDITIONS = DEBUG;
				SWIFT_OPTIMIZATION_LEVEL = "-Onone";
			};
			name = Debug;
		};
		66E13503210B42A20037F5C4 /* Release */ = {
			isa = XCBuildConfiguration;
			buildSettings = {
				ALWAYS_SEARCH_USER_PATHS = NO;
				CLANG_ANALYZER_NONNULL = YES;
				CLANG_ANALYZER_NUMBER_OBJECT_CONVERSION = YES_AGGRESSIVE;
				CLANG_CXX_LANGUAGE_STANDARD = "gnu++14";
				CLANG_CXX_LIBRARY = "libc++";
				CLANG_ENABLE_MODULES = YES;
				CLANG_ENABLE_OBJC_ARC = YES;
				CLANG_WARN_BLOCK_CAPTURE_AUTORELEASING = YES;
				CLANG_WARN_BOOL_CONVERSION = YES;
				CLANG_WARN_COMMA = YES;
				CLANG_WARN_CONSTANT_CONVERSION = YES;
				CLANG_WARN_DIRECT_OBJC_ISA_USAGE = YES_ERROR;
				CLANG_WARN_DOCUMENTATION_COMMENTS = YES;
				CLANG_WARN_EMPTY_BODY = YES;
				CLANG_WARN_ENUM_CONVERSION = YES;
				CLANG_WARN_INFINITE_RECURSION = YES;
				CLANG_WARN_INT_CONVERSION = YES;
				CLANG_WARN_NON_LITERAL_NULL_CONVERSION = YES;
				CLANG_WARN_OBJC_LITERAL_CONVERSION = YES;
				CLANG_WARN_OBJC_ROOT_CLASS = YES_ERROR;
				CLANG_WARN_RANGE_LOOP_ANALYSIS = YES;
				CLANG_WARN_STRICT_PROTOTYPES = YES;
				CLANG_WARN_SUSPICIOUS_MOVE = YES;
				CLANG_WARN_UNGUARDED_AVAILABILITY = YES_AGGRESSIVE;
				CLANG_WARN_UNREACHABLE_CODE = YES;
				CLANG_WARN__DUPLICATE_METHOD_MATCH = YES;
				CODE_SIGN_IDENTITY = "Mac Developer";
				COPY_PHASE_STRIP = NO;
				DEBUG_INFORMATION_FORMAT = "dwarf-with-dsym";
				ENABLE_NS_ASSERTIONS = NO;
				ENABLE_STRICT_OBJC_MSGSEND = YES;
				GCC_C_LANGUAGE_STANDARD = gnu11;
				GCC_NO_COMMON_BLOCKS = YES;
				GCC_WARN_64_TO_32_BIT_CONVERSION = YES;
				GCC_WARN_ABOUT_RETURN_TYPE = YES_ERROR;
				GCC_WARN_UNDECLARED_SELECTOR = YES;
				GCC_WARN_UNINITIALIZED_AUTOS = YES_AGGRESSIVE;
				GCC_WARN_UNUSED_FUNCTION = YES;
				GCC_WARN_UNUSED_VARIABLE = YES;
				MACOSX_DEPLOYMENT_TARGET = 10.13;
				MTL_ENABLE_DEBUG_INFO = NO;
				SDKROOT = macosx;
				SWIFT_OPTIMIZATION_LEVEL = "-Owholemodule";
			};
			name = Release;
		};
		66E13505210B42A20037F5C4 /* Debug */ = {
			isa = XCBuildConfiguration;
			buildSettings = {
				ASSETCATALOG_COMPILER_APPICON_NAME = AppIcon;
				CODE_SIGN_ENTITLEMENTS = FileMonster/FileMonster.entitlements;
				CODE_SIGN_STYLE = Automatic;
				COMBINE_HIDPI_IMAGES = YES;
				DEVELOPMENT_TEAM = 7F8B6PG46B;
				INFOPLIST_FILE = FileMonster/Info.plist;
				LD_RUNPATH_SEARCH_PATHS = "$(inherited) @executable_path/../Frameworks";
				PRODUCT_BUNDLE_IDENTIFIER = com.mobndev.FileMonster;
				PRODUCT_NAME = "$(TARGET_NAME)";
				SWIFT_VERSION = 4.0;
			};
			name = Debug;
		};
		66E13506210B42A20037F5C4 /* Release */ = {
			isa = XCBuildConfiguration;
			buildSettings = {
				ASSETCATALOG_COMPILER_APPICON_NAME = AppIcon;
				CODE_SIGN_ENTITLEMENTS = FileMonster/FileMonster.entitlements;
				CODE_SIGN_STYLE = Automatic;
				COMBINE_HIDPI_IMAGES = YES;
				DEVELOPMENT_TEAM = 7F8B6PG46B;
				INFOPLIST_FILE = FileMonster/Info.plist;
				LD_RUNPATH_SEARCH_PATHS = "$(inherited) @executable_path/../Frameworks";
				PRODUCT_BUNDLE_IDENTIFIER = com.mobndev.FileMonster;
				PRODUCT_NAME = "$(TARGET_NAME)";
				SWIFT_VERSION = 4.0;
			};
			name = Release;
		};
		66E13508210B42A20037F5C4 /* Debug */ = {
			isa = XCBuildConfiguration;
			buildSettings = {
				ALWAYS_EMBED_SWIFT_STANDARD_LIBRARIES = YES;
				BUNDLE_LOADER = "$(TEST_HOST)";
				CODE_SIGN_STYLE = Automatic;
				COMBINE_HIDPI_IMAGES = YES;
				DEVELOPMENT_TEAM = 7F8B6PG46B;
				INFOPLIST_FILE = FileMonsterTests/Info.plist;
				LD_RUNPATH_SEARCH_PATHS = "$(inherited) @executable_path/../Frameworks @loader_path/../Frameworks";
				PRODUCT_BUNDLE_IDENTIFIER = com.mobndev.FileMonsterTests;
				PRODUCT_NAME = "$(TARGET_NAME)";
				SWIFT_VERSION = 4.0;
				TEST_HOST = "$(BUILT_PRODUCTS_DIR)/FileMonster.app/Contents/MacOS/FileMonster";
			};
			name = Debug;
		};
		66E13509210B42A20037F5C4 /* Release */ = {
			isa = XCBuildConfiguration;
			buildSettings = {
				ALWAYS_EMBED_SWIFT_STANDARD_LIBRARIES = YES;
				BUNDLE_LOADER = "$(TEST_HOST)";
				CODE_SIGN_STYLE = Automatic;
				COMBINE_HIDPI_IMAGES = YES;
				DEVELOPMENT_TEAM = 7F8B6PG46B;
				INFOPLIST_FILE = FileMonsterTests/Info.plist;
				LD_RUNPATH_SEARCH_PATHS = "$(inherited) @executable_path/../Frameworks @loader_path/../Frameworks";
				PRODUCT_BUNDLE_IDENTIFIER = com.mobndev.FileMonsterTests;
				PRODUCT_NAME = "$(TARGET_NAME)";
				SWIFT_VERSION = 4.0;
				TEST_HOST = "$(BUILT_PRODUCTS_DIR)/FileMonster.app/Contents/MacOS/FileMonster";
			};
			name = Release;
		};
		66E1350B210B42A20037F5C4 /* Debug */ = {
			isa = XCBuildConfiguration;
			buildSettings = {
				ALWAYS_EMBED_SWIFT_STANDARD_LIBRARIES = YES;
				CODE_SIGN_STYLE = Automatic;
				COMBINE_HIDPI_IMAGES = YES;
				DEVELOPMENT_TEAM = 7F8B6PG46B;
				INFOPLIST_FILE = FileMonsterUITests/Info.plist;
				LD_RUNPATH_SEARCH_PATHS = "$(inherited) @executable_path/../Frameworks @loader_path/../Frameworks";
				PRODUCT_BUNDLE_IDENTIFIER = com.mobndev.FileMonsterUITests;
				PRODUCT_NAME = "$(TARGET_NAME)";
				SWIFT_VERSION = 4.0;
				TEST_TARGET_NAME = FileMonster;
			};
			name = Debug;
		};
		66E1350C210B42A20037F5C4 /* Release */ = {
			isa = XCBuildConfiguration;
			buildSettings = {
				ALWAYS_EMBED_SWIFT_STANDARD_LIBRARIES = YES;
				CODE_SIGN_STYLE = Automatic;
				COMBINE_HIDPI_IMAGES = YES;
				DEVELOPMENT_TEAM = 7F8B6PG46B;
				INFOPLIST_FILE = FileMonsterUITests/Info.plist;
				LD_RUNPATH_SEARCH_PATHS = "$(inherited) @executable_path/../Frameworks @loader_path/../Frameworks";
				PRODUCT_BUNDLE_IDENTIFIER = com.mobndev.FileMonsterUITests;
				PRODUCT_NAME = "$(TARGET_NAME)";
				SWIFT_VERSION = 4.0;
				TEST_TARGET_NAME = FileMonster;
			};
			name = Release;
		};
/* End XCBuildConfiguration section */

/* Begin XCConfigurationList section */
		66E134D9210B42A20037F5C4 /* Build configuration list for PBXProject "FileMonster" */ = {
			isa = XCConfigurationList;
			buildConfigurations = (
				66E13502210B42A20037F5C4 /* Debug */,
				66E13503210B42A20037F5C4 /* Release */,
			);
			defaultConfigurationIsVisible = 0;
			defaultConfigurationName = Release;
		};
		66E13504210B42A20037F5C4 /* Build configuration list for PBXNativeTarget "FileMonster" */ = {
			isa = XCConfigurationList;
			buildConfigurations = (
				66E13505210B42A20037F5C4 /* Debug */,
				66E13506210B42A20037F5C4 /* Release */,
			);
			defaultConfigurationIsVisible = 0;
			defaultConfigurationName = Release;
		};
		66E13507210B42A20037F5C4 /* Build configuration list for PBXNativeTarget "FileMonsterTests" */ = {
			isa = XCConfigurationList;
			buildConfigurations = (
				66E13508210B42A20037F5C4 /* Debug */,
				66E13509210B42A20037F5C4 /* Release */,
			);
			defaultConfigurationIsVisible = 0;
			defaultConfigurationName = Release;
		};
		66E1350A210B42A20037F5C4 /* Build configuration list for PBXNativeTarget "FileMonsterUITests" */ = {
			isa = XCConfigurationList;
			buildConfigurations = (
				66E1350B210B42A20037F5C4 /* Debug */,
				66E1350C210B42A20037F5C4 /* Release */,
			);
			defaultConfigurationIsVisible = 0;
			defaultConfigurationName = Release;
		};
/* End XCConfigurationList section */
	};
	rootObject = 66E134D6210B42A20037F5C4 /* Project object */;
}
